
Microsoft Visual Studio Solution File, Format Version 12.00
# Visual Studio Version 16
VisualStudioVersion = 16.0.29519.87
MinimumVisualStudioVersion = 10.0.40219.1
Project("{FAE04EC0-301F-11D3-BF4B-00C04F79EFBC}") = "Data Base", "Data Base\Data Base.csproj", "{5567FE0B-D8E3-4DDD-A3C1-5985B0798B4F}"
EndProject
Global
	GlobalSection(SolutionConfigurationPlatforms) = preSolution
		Debug|Any CPU = Debug|Any CPU
		Release|Any CPU = Release|Any CPU
	EndGlobalSection
	GlobalSection(ProjectConfigurationPlatforms) = postSolution
		{5567FE0B-D8E3-4DDD-A3C1-5985B0798B4F}.Debug|Any CPU.ActiveCfg = Debug|Any CPU
		{5567FE0B-D8E3-4DDD-A3C1-5985B0798B4F}.Debug|Any CPU.Build.0 = Debug|Any CPU
		{5567FE0B-D8E3-4DDD-A3C1-5985B0798B4F}.Release|Any CPU.ActiveCfg = Release|Any CPU
		{5567FE0B-D8E3-4DDD-A3C1-5985B0798B4F}.Release|Any CPU.Build.0 = Release|Any CPU
	EndGlobalSection
	GlobalSection(SolutionProperties) = preSolution
		HideSolutionNode = FALSE
	EndGlobalSection
	GlobalSection(ExtensibilityGlobals) = postSolution
		SolutionGuid = {CE776917-5142-4CE2-BF53-4517A74E21E3}
	EndGlobalSection
EndGlobal
